<?xml version="1.0" encoding="utf-8"?>
<Project ToolsVersion="4.0" xmlns="http://schemas.microsoft.com/developer/msbuild/2003">
  <ItemGroup>
    <Filter Include="Source Files">
      <UniqueIdentifier>{4FC737F1-C7A5-4376-A066-2A32D752A2FF}</UniqueIdentifier>
      <Extensions>cpp;c;cc;cxx;def;odl;idl;hpj;bat;asm;asmx</Extensions>
    </Filter>
    <Filter Include="Header Files">
      <UniqueIdentifier>{93995380-89BD-4b04-88EB-625FBE52EBFB}</UniqueIdentifier>
      <Extensions>h;hh;hpp;hxx;hm;inl;inc;xsd</Extensions>
    </Filter>
    <Filter Include="Source Files\Gate stuff">
      <UniqueIdentifier>{202db18e-1cb2-4913-8db9-b0bcc59310cf}</UniqueIdentifier>
    </Filter>
    <Filter Include="Source Files\Link stuff">
      <UniqueIdentifier>{7e44c274-43ea-4ba9-84cf-e31495a048cd}</UniqueIdentifier>
    </Filter>
    <Filter Include="Source Files\Object properties">
      <UniqueIdentifier>{6ba53a40-d5a7-4cba-a1e2-273d3c005eb1}</UniqueIdentifier>
    </Filter>
    <Filter Include="Source Files\GUI">
      <UniqueIdentifier>{b7af8f68-c4cf-4c76-b8c4-cef3bad26d3c}</UniqueIdentifier>
    </Filter>
    <Filter Include="Resource Files">
      <UniqueIdentifier>{67DA6AB6-F800-4c08-8B7A-83BB121AAD01}</UniqueIdentifier>
      <Extensions>rc;ico;cur;bmp;dlg;rc2;rct;bin;rgs;gif;jpg;jpeg;jpe;resx;tiff;tif;png;wav;mfcribbon-ms</Extensions>
    </Filter>
    <Filter Include="Source Files\windows">
      <UniqueIdentifier>{fe5bf5e1-b20a-4f8e-89ee-8e9192250198}</UniqueIdentifier>
    </Filter>
  </ItemGroup>
  <ItemGroup>
    <ClCompile Include="main.cpp">
      <Filter>Source Files</Filter>
    </ClCompile>
    <ClCompile Include="allGates.cpp">
      <Filter>Source Files\Gate stuff</Filter>
    </ClCompile>
    <ClCompile Include="gate.cpp">
      <Filter>Source Files\Gate stuff</Filter>
    </ClCompile>
    <ClCompile Include="IOgates.cpp">
      <Filter>Source Files\Gate stuff</Filter>
    </ClCompile>
    <ClCompile Include="link.cpp">
      <Filter>Source Files\Link stuff</Filter>
    </ClCompile>
    <ClCompile Include="attachers.cpp">
      <Filter>Source Files\Link stuff</Filter>
    </ClCompile>
    <ClCompile Include="gameObjectFunctions.cpp">
      <Filter>Source Files\Object properties</Filter>
    </ClCompile>
    <ClCompile Include="Button.cpp">
      <Filter>Source Files\GUI</Filter>
    </ClCompile>
    <ClCompile Include="image.cpp">
      <Filter>Source Files\GUI</Filter>
    </ClCompile>
    <ClCompile Include="box.cpp">
      <Filter>Source Files\GUI</Filter>
    </ClCompile>
    <ClCompile Include="gateButton.cpp">
      <Filter>Source Files\GUI</Filter>
    </ClCompile>
    <ClCompile Include="allGateButtons.cpp">
      <Filter>Source Files\GUI</Filter>
    </ClCompile>
    <ClCompile Include="memory.cpp">
      <Filter>Source Files\Gate stuff</Filter>
    </ClCompile>
    <ClCompile Include="starterScreen.cpp">
      <Filter>Source Files\windows</Filter>
    </ClCompile>
    <ClCompile Include="Simulator.cpp">
      <Filter>Source Files\windows</Filter>
    </ClCompile>
    <ClCompile Include="Instructions.cpp">
      <Filter>Source Files\windows</Filter>
    </ClCompile>
  </ItemGroup>
  <ItemGroup>
    <ClInclude Include="starterScreen.h">
      <Filter>Header Files</Filter>
    </ClInclude>
    <ClInclude Include="attachers.h">
      <Filter>Header Files</Filter>
    </ClInclude>
    <ClInclude Include="link.h">
      <Filter>Header Files</Filter>
    </ClInclude>
    <ClInclude Include="location.h">
      <Filter>Header Files</Filter>
    </ClInclude>
    <ClInclude Include="image.h">
      <Filter>Header Files</Filter>
    </ClInclude>
    <ClInclude Include="box.h">
      <Filter>Header Files</Filter>
    </ClInclude>
    <ClInclude Include="identifiers.h">
      <Filter>Header Files</Filter>
    </ClInclude>
    <ClInclude Include="gate.h">
      <Filter>Header Files</Filter>
    </ClInclude>
    <ClInclude Include="allGates.h">
      <Filter>Header Files</Filter>
    </ClInclude>
    <ClInclude Include="IOgates.h">
      <Filter>Header Files</Filter>
    </ClInclude>
    <ClInclude Include="gameObjectFunctions.h">
      <Filter>Header Files</Filter>
    </ClInclude>
    <ClInclude Include="gateButton.h">
      <Filter>Header Files</Filter>
    </ClInclude>
    <ClInclude Include="allGateButtons.h">
      <Filter>Header Files</Filter>
    </ClInclude>
    <ClInclude Include="button.h">
      <Filter>Header Files</Filter>
    </ClInclude>
    <ClInclude Include="memory.h">
      <Filter>Header Files</Filter>
    </ClInclude>
    <ClInclude Include="main.h">
      <Filter>Header Files</Filter>
    </ClInclude>
    <ClInclude Include="Simulator.h">
      <Filter>Header Files</Filter>
    </ClInclude>
    <ClInclude Include="Instructions.h">
      <Filter>Header Files</Filter>
    </ClInclude>
  </ItemGroup>
  <ItemGroup>
    <Image Include="gate-and.png">
      <Filter>Resource Files</Filter>
    </Image>
    <Image Include="gate-not.png">
      <Filter>Resource Files</Filter>
    </Image>
    <Image Include="gate-or.png">
      <Filter>Resource Files</Filter>
    </Image>
    <Image Include="gate-xOr.png">
      <Filter>Resource Files</Filter>
    </Image>
    <Image Include="Splitter-gate.png">
      <Filter>Resource Files</Filter>
    </Image>
  </ItemGroup>
  <ItemGroup>
    <Font Include="arial.ttf">
      <Filter>Resource Files</Filter>
    </Font>
  </ItemGroup>
  <ItemGroup>
    <Text Include="1bitReader.txt">
      <Filter>Resource Files</Filter>
    </Text>
    <Text Include="4bitReader.txt">
      <Filter>Resource Files</Filter>
    </Text>
    <Text Include="Gates infomation.txt">
      <Filter>Resource Files</Filter>
    </Text>
    <Text Include="instructions.txt">
      <Filter>Resource Files</Filter>
    </Text>
  </ItemGroup>
  <ItemGroup>
    <None Include="ClassDiagram.cd" />
    <None Include="ClassDiagram1.cd" />
  </ItemGroup>
</Project>